// !$*UTF8*$!
{
	archiveVersion = 1;
	classes = {
	};
	objectVersion = 46;
	objects = {

/* Begin PBXBuildFile section */
		049DDF13B48C435B499CB978 /* PanelComponent.cpp */ = {isa = PBXBuildFile; fileRef = C65E47B9AE239733BF238B43; };
		0A085DF1A55FF6EC82271109 /* KeymapPanelComponent.cpp */ = {isa = PBXBuildFile; fileRef = 7CC4206549FF17C794A521AC; };
		0BB374F49FB227FB1637392A /* RecentFilesMenuTemplate.nib */ = {isa = PBXBuildFile; fileRef = BE21DC6F73526B6BA369EA72; };
		1DA348DC6F964D78C333733A /* include_juce_events.mm */ = {isa = PBXBuildFile; fileRef = A1D836CBF0E9613B127C3C12; };
		2082DCE0E31B6B1E5EE31F3C /* include_juce_graphics.mm */ = {isa = PBXBuildFile; fileRef = C92F016C4F59C41A3F1396AB; };
		28A28F61EEF54FF50E4316CB /* EigenharpMapping.cpp */ = {isa = PBXBuildFile; fileRef = 04EE23864B96D402A3EA58F4; };
		2DEBD344BEF7F78B6AE7ECD3 /* MainComponent.cpp */ = {isa = PBXBuildFile; fileRef = 7ED9B3E8FC20E29FAA8BFD6A; };
		42BB9F04B4666FDD397AF7F1 /* EigenharpKeyComponent.cpp */ = {isa = PBXBuildFile; fileRef = 2B9F568D62A87115FFEE1EED; };
		463A9855B746713E4E22D994 /* Cocoa.framework */ = {isa = PBXBuildFile; fileRef = 183C593CFB8552B8497220E3; };
		6D0482B862D5F95BC2BDE9A6 /* App */ = {isa = PBXBuildFile; fileRef = B63C1F05D43BD54AAC510F64; };
		7451AF7702FE97DCD2C76AF7 /* Carbon.framework */ = {isa = PBXBuildFile; fileRef = 62E37519FD05D6BFD9A1E4C5; };
		758DB86C44B1410F8B86922A /* include_juce_gui_basics.mm */ = {isa = PBXBuildFile; fileRef = B98E3D2DC42F7895E36A4963; };
		917AAF046F96A1C9547A728C /* QuartzCore.framework */ = {isa = PBXBuildFile; fileRef = F16949F6162C39FA01C6C238; };
		C4212B67ABFDA93A403EB472 /* include_juce_data_structures.mm */ = {isa = PBXBuildFile; fileRef = 1402625F8FD125C9E2EBB0FA; };
		C51B4C11D48DD71477EA7535 /* Foundation.framework */ = {isa = PBXBuildFile; fileRef = 52D05D1244B70C5D8DDE24F6; };
		CD7CB5B7B04CFC9CC4C403A4 /* include_juce_core.mm */ = {isa = PBXBuildFile; fileRef = 19F145EFA62B019AB3E9D530; };
		DFBDE6E138D7BF1D6F68FDBF /* TabPage.cpp */ = {isa = PBXBuildFile; fileRef = 942B923020C784ACD1D9A30F; };
		E5EDD86FEE13B771A3D4F0EA /* Main.cpp */ = {isa = PBXBuildFile; fileRef = ABFFFB82FE1DCCF75C2E7E64; };
		F6375093E6E8973B31A203F9 /* IOKit.framework */ = {isa = PBXBuildFile; fileRef = B8E7EDBF2C07FE67371D558A; };
/* End PBXBuildFile section */

/* Begin PBXFileReference section */
		00E4714F77602595C27FAE53 /* juce_events */ /* juce_events */ = {isa = PBXFileReference; lastKnownFileType = folder; name = juce_events; path = "~/JUCE/modules/juce_events"; sourceTree = "<absolute>"; };
		04EE23864B96D402A3EA58F4 /* EigenharpMapping.cpp */ /* EigenharpMapping.cpp */ = {isa = PBXFileReference; lastKnownFileType = sourcecode.cpp.cpp; name = EigenharpMapping.cpp; path = ../../Source/EigenharpMapping.cpp; sourceTree = SOURCE_ROOT; };
		1402625F8FD125C9E2EBB0FA /* include_juce_data_structures.mm */ /* include_juce_data_structures.mm */ = {isa = PBXFileReference; lastKnownFileType = sourcecode.cpp.objcpp; name = include_juce_data_structures.mm; path = ../../JuceLibraryCode/include_juce_data_structures.mm; sourceTree = SOURCE_ROOT; };
		183C593CFB8552B8497220E3 /* Cocoa.framework */ /* Cocoa.framework */ = {isa = PBXFileReference; lastKnownFileType = wrapper.framework; name = Cocoa.framework; path = System/Library/Frameworks/Cocoa.framework; sourceTree = SDKROOT; };
		19F145EFA62B019AB3E9D530 /* include_juce_core.mm */ /* include_juce_core.mm */ = {isa = PBXFileReference; lastKnownFileType = sourcecode.cpp.objcpp; name = include_juce_core.mm; path = ../../JuceLibraryCode/include_juce_core.mm; sourceTree = SOURCE_ROOT; };
		2B9F568D62A87115FFEE1EED /* EigenharpKeyComponent.cpp */ /* EigenharpKeyComponent.cpp */ = {isa = PBXFileReference; lastKnownFileType = sourcecode.cpp.cpp; name = EigenharpKeyComponent.cpp; path = ../../Source/EigenharpKeyComponent.cpp; sourceTree = SOURCE_ROOT; };
		3A2B1D85AA27BB429F4DE479 /* PanelComponent.h */ /* PanelComponent.h */ = {isa = PBXFileReference; lastKnownFileType = sourcecode.c.h; name = PanelComponent.h; path = ../../Source/PanelComponent.h; sourceTree = SOURCE_ROOT; };
		3F80F8329888A91263556E54 /* Info-App.plist */ /* Info-App.plist */ = {isa = PBXFileReference; lastKnownFileType = text.plist.xml; name = "Info-App.plist"; path = "Info-App.plist"; sourceTree = SOURCE_ROOT; };
		47BDBC4F03AC0EA3FFBFB26D /* JuceHeader.h */ /* JuceHeader.h */ = {isa = PBXFileReference; lastKnownFileType = sourcecode.c.h; name = JuceHeader.h; path = ../../JuceLibraryCode/JuceHeader.h; sourceTree = SOURCE_ROOT; };
		507F65AAB419580AC47BCD27 /* MainComponent.h */ /* MainComponent.h */ = {isa = PBXFileReference; lastKnownFileType = sourcecode.c.h; name = MainComponent.h; path = ../../Source/MainComponent.h; sourceTree = SOURCE_ROOT; };
		52D05D1244B70C5D8DDE24F6 /* Foundation.framework */ /* Foundation.framework */ = {isa = PBXFileReference; lastKnownFileType = wrapper.framework; name = Foundation.framework; path = System/Library/Frameworks/Foundation.framework; sourceTree = SDKROOT; };
		62E37519FD05D6BFD9A1E4C5 /* Carbon.framework */ /* Carbon.framework */ = {isa = PBXFileReference; lastKnownFileType = wrapper.framework; name = Carbon.framework; path = System/Library/Frameworks/Carbon.framework; sourceTree = SDKROOT; };
		63242040CB2565EBF9E2CC3F /* TabPage.h */ /* TabPage.h */ = {isa = PBXFileReference; lastKnownFileType = sourcecode.c.h; name = TabPage.h; path = ../../Source/TabPage.h; sourceTree = SOURCE_ROOT; };
		69094432971F3555DB570101 /* KeymapPanelComponent.h */ /* KeymapPanelComponent.h */ = {isa = PBXFileReference; lastKnownFileType = sourcecode.c.h; name = KeymapPanelComponent.h; path = ../../Source/KeymapPanelComponent.h; sourceTree = SOURCE_ROOT; };
		71CB4E34ECDD6D23F3A7598F /* juce_core */ /* juce_core */ = {isa = PBXFileReference; lastKnownFileType = folder; name = juce_core; path = "~/JUCE/modules/juce_core"; sourceTree = "<absolute>"; };
		74D1FFDB3B4368B53B241A18 /* EigenharpKeyComponent.h */ /* EigenharpKeyComponent.h */ = {isa = PBXFileReference; lastKnownFileType = sourcecode.c.h; name = EigenharpKeyComponent.h; path = ../../Source/EigenharpKeyComponent.h; sourceTree = SOURCE_ROOT; };
		79AF41210E9585E8A993D8ED /* juce_data_structures */ /* juce_data_structures */ = {isa = PBXFileReference; lastKnownFileType = folder; name = juce_data_structures; path = "~/JUCE/modules/juce_data_structures"; sourceTree = "<absolute>"; };
		7CC4206549FF17C794A521AC /* KeymapPanelComponent.cpp */ /* KeymapPanelComponent.cpp */ = {isa = PBXFileReference; lastKnownFileType = sourcecode.cpp.cpp; name = KeymapPanelComponent.cpp; path = ../../Source/KeymapPanelComponent.cpp; sourceTree = SOURCE_ROOT; };
		7ED9B3E8FC20E29FAA8BFD6A /* MainComponent.cpp */ /* MainComponent.cpp */ = {isa = PBXFileReference; lastKnownFileType = sourcecode.cpp.cpp; name = MainComponent.cpp; path = ../../Source/MainComponent.cpp; sourceTree = SOURCE_ROOT; };
		942B923020C784ACD1D9A30F /* TabPage.cpp */ /* TabPage.cpp */ = {isa = PBXFileReference; lastKnownFileType = sourcecode.cpp.cpp; name = TabPage.cpp; path = ../../Source/TabPage.cpp; sourceTree = SOURCE_ROOT; };
		A18CB1571EFD8A2F749CD6AC /* EigenharpMapping.h */ /* EigenharpMapping.h */ = {isa = PBXFileReference; lastKnownFileType = sourcecode.c.h; name = EigenharpMapping.h; path = ../../Source/EigenharpMapping.h; sourceTree = SOURCE_ROOT; };
		A1D836CBF0E9613B127C3C12 /* include_juce_events.mm */ /* include_juce_events.mm */ = {isa = PBXFileReference; lastKnownFileType = sourcecode.cpp.objcpp; name = include_juce_events.mm; path = ../../JuceLibraryCode/include_juce_events.mm; sourceTree = SOURCE_ROOT; };
		A7BABEDE8CBFBC013E3A144A /* juce_gui_basics */ /* juce_gui_basics */ = {isa = PBXFileReference; lastKnownFileType = folder; name = juce_gui_basics; path = "~/JUCE/modules/juce_gui_basics"; sourceTree = "<absolute>"; };
		ABFFFB82FE1DCCF75C2E7E64 /* Main.cpp */ /* Main.cpp */ = {isa = PBXFileReference; lastKnownFileType = sourcecode.cpp.cpp; name = Main.cpp; path = ../../Source/Main.cpp; sourceTree = SOURCE_ROOT; };
		B63C1F05D43BD54AAC510F64 /* App */ = {isa = PBXFileReference; explicitFileType = wrapper.application; includeInIndex = 0; path = EigenhgarpMapper.app; sourceTree = BUILT_PRODUCTS_DIR; };
		B8E7EDBF2C07FE67371D558A /* IOKit.framework */ /* IOKit.framework */ = {isa = PBXFileReference; lastKnownFileType = wrapper.framework; name = IOKit.framework; path = System/Library/Frameworks/IOKit.framework; sourceTree = SDKROOT; };
		B98E3D2DC42F7895E36A4963 /* include_juce_gui_basics.mm */ /* include_juce_gui_basics.mm */ = {isa = PBXFileReference; lastKnownFileType = sourcecode.cpp.objcpp; name = include_juce_gui_basics.mm; path = ../../JuceLibraryCode/include_juce_gui_basics.mm; sourceTree = SOURCE_ROOT; };
		BE21DC6F73526B6BA369EA72 /* RecentFilesMenuTemplate.nib */ /* RecentFilesMenuTemplate.nib */ = {isa = PBXFileReference; lastKnownFileType = file.nib; name = RecentFilesMenuTemplate.nib; path = RecentFilesMenuTemplate.nib; sourceTree = SOURCE_ROOT; };
		C602831E7AD2D1ABCEA34308 /* Enums.h */ /* Enums.h */ = {isa = PBXFileReference; lastKnownFileType = sourcecode.c.h; name = Enums.h; path = ../../Source/Enums.h; sourceTree = SOURCE_ROOT; };
		C65E47B9AE239733BF238B43 /* PanelComponent.cpp */ /* PanelComponent.cpp */ = {isa = PBXFileReference; lastKnownFileType = sourcecode.cpp.cpp; name = PanelComponent.cpp; path = ../../Source/PanelComponent.cpp; sourceTree = SOURCE_ROOT; };
		C92F016C4F59C41A3F1396AB /* include_juce_graphics.mm */ /* include_juce_graphics.mm */ = {isa = PBXFileReference; lastKnownFileType = sourcecode.cpp.objcpp; name = include_juce_graphics.mm; path = ../../JuceLibraryCode/include_juce_graphics.mm; sourceTree = SOURCE_ROOT; };
		D376147C501B50D1B28414C7 /* juce_graphics */ /* juce_graphics */ = {isa = PBXFileReference; lastKnownFileType = folder; name = juce_graphics; path = "~/JUCE/modules/juce_graphics"; sourceTree = "<absolute>"; };
		F16949F6162C39FA01C6C238 /* QuartzCore.framework */ /* QuartzCore.framework */ = {isa = PBXFileReference; lastKnownFileType = wrapper.framework; name = QuartzCore.framework; path = System/Library/Frameworks/QuartzCore.framework; sourceTree = SDKROOT; };
/* End PBXFileReference section */

/* Begin PBXFrameworksBuildPhase section */
		86BC6EAF5592144886D84D76 = {
			isa = PBXFrameworksBuildPhase;
			buildActionMask = 2147483647;
			files = (
				7451AF7702FE97DCD2C76AF7,
				463A9855B746713E4E22D994,
				C51B4C11D48DD71477EA7535,
				F6375093E6E8973B31A203F9,
				917AAF046F96A1C9547A728C,
			);
			runOnlyForDeploymentPostprocessing = 0;
		};
/* End PBXFrameworksBuildPhase section */

/* Begin PBXGroup section */
		1251EC27E0A6B3BB3B94B457 /* Resources */ = {
			isa = PBXGroup;
			children = (
				3F80F8329888A91263556E54,
				BE21DC6F73526B6BA369EA72,
			);
			name = Resources;
			sourceTree = "<group>";
		};
		3C150CE09F24F109BCF8E38C /* Source */ = {
			isa = PBXGroup;
			children = (
				D0C21F1E1F02FD2E0CA4E8E7,
				521881C5A0DA141C0E884C9E,
				9B8972565B6B55CEFD359656,
				1251EC27E0A6B3BB3B94B457,
				43B7D1F79E61906B4A074C2E,
				5CD1BD435BB0463289714609,
			);
			name = Source;
			sourceTree = "<group>";
		};
		43B7D1F79E61906B4A074C2E /* Frameworks */ = {
			isa = PBXGroup;
			children = (
				62E37519FD05D6BFD9A1E4C5,
				183C593CFB8552B8497220E3,
				52D05D1244B70C5D8DDE24F6,
				B8E7EDBF2C07FE67371D558A,
				F16949F6162C39FA01C6C238,
			);
			name = Frameworks;
			sourceTree = "<group>";
		};
		521881C5A0DA141C0E884C9E /* JUCE Modules */ = {
			isa = PBXGroup;
			children = (
				71CB4E34ECDD6D23F3A7598F,
				79AF41210E9585E8A993D8ED,
				00E4714F77602595C27FAE53,
				D376147C501B50D1B28414C7,
				A7BABEDE8CBFBC013E3A144A,
			);
			name = "JUCE Modules";
			sourceTree = "<group>";
		};
		5CD1BD435BB0463289714609 /* Products */ = {
			isa = PBXGroup;
			children = (
				B63C1F05D43BD54AAC510F64,
			);
			name = Products;
			sourceTree = "<group>";
		};
		9B8972565B6B55CEFD359656 /* JUCE Library Code */ = {
			isa = PBXGroup;
			children = (
				19F145EFA62B019AB3E9D530,
				1402625F8FD125C9E2EBB0FA,
				A1D836CBF0E9613B127C3C12,
				C92F016C4F59C41A3F1396AB,
				B98E3D2DC42F7895E36A4963,
				47BDBC4F03AC0EA3FFBFB26D,
			);
			name = "JUCE Library Code";
			sourceTree = "<group>";
		};
		D0C21F1E1F02FD2E0CA4E8E7 /* EigenharpMapper */ = {
			isa = PBXGroup;
			children = (
				D4B8B3BA10232AB1D7FC8D41,
			);
			name = EigenharpMapper;
			sourceTree = "<group>";
		};
		D2C3EAB0694D51C3201BA8C4 /* UIComponents */ = {
			isa = PBXGroup;
			children = (
				2B9F568D62A87115FFEE1EED,
				74D1FFDB3B4368B53B241A18,
				7CC4206549FF17C794A521AC,
				69094432971F3555DB570101,
				C65E47B9AE239733BF238B43,
				3A2B1D85AA27BB429F4DE479,
				942B923020C784ACD1D9A30F,
				63242040CB2565EBF9E2CC3F,
			);
			name = UIComponents;
			sourceTree = "<group>";
		};
		D4B8B3BA10232AB1D7FC8D41 /* Source */ = {
			isa = PBXGroup;
			children = (
				C602831E7AD2D1ABCEA34308,
				F153D71F9B3C66021493ECB6,
				D2C3EAB0694D51C3201BA8C4,
				ABFFFB82FE1DCCF75C2E7E64,
				507F65AAB419580AC47BCD27,
				7ED9B3E8FC20E29FAA8BFD6A,
			);
			name = Source;
			sourceTree = "<group>";
		};
		F153D71F9B3C66021493ECB6 /* Models */ = {
			isa = PBXGroup;
			children = (
				04EE23864B96D402A3EA58F4,
				A18CB1571EFD8A2F749CD6AC,
			);
			name = Models;
			sourceTree = "<group>";
		};
/* End PBXGroup section */

/* Begin PBXNativeTarget section */
		6D2C23CF9AAEE863FC62B73E /* EigenharpMapper - App */ = {
			isa = PBXNativeTarget;
			buildConfigurationList = 2C49FFACA52E6D57E7060C23;
			buildPhases = (
				448CF572800FBFC42FDB62E7,
				7F331D00A44D1F8374FDD378,
				86BC6EAF5592144886D84D76,
			);
			buildRules = (
			);
			dependencies = (
			);
			name = "EigenharpMapper - App";
			productName = EigenharpMapper;
			productReference = B63C1F05D43BD54AAC510F64;
			productType = "com.apple.product-type.application";
		};
/* End PBXNativeTarget section */

/* Begin PBXProject section */
		75C47C17D9E4BA4FCB398300 = {
			isa = PBXProject;
			attributes = {
				LastUpgradeCheck = 1240;
				ORGANIZATIONNAME = "";
				TargetAttributes = {
					6D2C23CF9AAEE863FC62B73E = {
						SystemCapabilities = {
							com.apple.ApplicationGroups.iOS = {
								enabled = 0;
							};
							com.apple.HardenedRuntime = {
								enabled = 0;
							};
							com.apple.InAppPurchase = {
								enabled = 0;
							};
							com.apple.InterAppAudio = {
								enabled = 0;
							};
							com.apple.Push = {
								enabled = 0;
							};
							com.apple.Sandbox = {
								enabled = 0;
							};
						};
					};
				};
			};
			buildConfigurationList = 8CCF059923F4FE0BB496F965;
			compatibilityVersion = "Xcode 3.2";
			hasScannedForEncodings = 0;
			knownRegions = (
				en,
				Base,
			);
			mainGroup = 3C150CE09F24F109BCF8E38C;
			projectDirPath = "";
			projectRoot = "";
			targets = (
				6D2C23CF9AAEE863FC62B73E,
			);
		};
/* End PBXProject section */

/* Begin PBXResourcesBuildPhase section */
		448CF572800FBFC42FDB62E7 = {
			isa = PBXResourcesBuildPhase;
			buildActionMask = 2147483647;
			files = (
				0BB374F49FB227FB1637392A,
			);
			runOnlyForDeploymentPostprocessing = 0;
		};
/* End PBXResourcesBuildPhase section */

/* Begin PBXSourcesBuildPhase section */
		7F331D00A44D1F8374FDD378 = {
			isa = PBXSourcesBuildPhase;
			buildActionMask = 2147483647;
			files = (
				28A28F61EEF54FF50E4316CB,
				42BB9F04B4666FDD397AF7F1,
				0A085DF1A55FF6EC82271109,
				049DDF13B48C435B499CB978,
				DFBDE6E138D7BF1D6F68FDBF,
				E5EDD86FEE13B771A3D4F0EA,
				2DEBD344BEF7F78B6AE7ECD3,
				CD7CB5B7B04CFC9CC4C403A4,
				C4212B67ABFDA93A403EB472,
				1DA348DC6F964D78C333733A,
				2082DCE0E31B6B1E5EE31F3C,
				758DB86C44B1410F8B86922A,
			);
			runOnlyForDeploymentPostprocessing = 0;
		};
/* End PBXSourcesBuildPhase section */

/* Begin XCBuildConfiguration section */
		17DB315ABA4EB8DBF4BAE3A7 /* Release */ = {
			isa = XCBuildConfiguration;
			buildSettings = {
				CLANG_CXX_LANGUAGE_STANDARD = "c++14";
				CLANG_CXX_LIBRARY = "libc++";
				CLANG_LINK_OBJC_RUNTIME = NO;
				CODE_SIGN_IDENTITY = "";
				COMBINE_HIDPI_IMAGES = YES;
				CONFIGURATION_BUILD_DIR = "$(PROJECT_DIR)/build/$(CONFIGURATION)";
				DEAD_CODE_STRIPPING = YES;
				GCC_GENERATE_DEBUGGING_SYMBOLS = NO;
				GCC_OPTIMIZATION_LEVEL = 3;
				GCC_PREPROCESSOR_DEFINITIONS = (
					"_NDEBUG=1",
					"NDEBUG=1",
					"JUCE_DISPLAY_SPLASH_SCREEN=1",
					"JUCE_USE_DARK_SPLASH_SCREEN=1",
					"JUCE_PROJUCER_VERSION=0x60008",
					"JUCE_MODULE_AVAILABLE_juce_core=1",
					"JUCE_MODULE_AVAILABLE_juce_data_structures=1",
					"JUCE_MODULE_AVAILABLE_juce_events=1",
					"JUCE_MODULE_AVAILABLE_juce_graphics=1",
					"JUCE_MODULE_AVAILABLE_juce_gui_basics=1",
					"JUCE_GLOBAL_MODULE_SETTINGS_INCLUDED=1",
					"JUCE_STRICT_REFCOUNTEDPOINTER=1",
					"JUCE_STANDALONE_APPLICATION=1",
					"JUCER_XCODE_MAC_F6D2F4CF=1",
					"JUCE_APP_VERSION=1.0.0",
					"JUCE_APP_VERSION_HEX=0x10000",
					"JucePlugin_Build_VST=0",
					"JucePlugin_Build_VST3=0",
					"JucePlugin_Build_AU=0",
					"JucePlugin_Build_AUv3=0",
					"JucePlugin_Build_RTAS=0",
					"JucePlugin_Build_AAX=0",
					"JucePlugin_Build_Standalone=0",
					"JucePlugin_Build_Unity=0",
				);
				GCC_VERSION = com.apple.compilers.llvm.clang.1_0;
				HEADER_SEARCH_PATHS = (
					"$(SRCROOT)/../../JuceLibraryCode",
					"$(HOME)/JUCE/modules",
					"$(inherited)",
				);
				INFOPLIST_FILE = Info-App.plist;
				INFOPLIST_PREPROCESS = NO;
				INSTALL_PATH = "$(HOME)/Applications";
				LLVM_LTO = YES;
				MACOSX_DEPLOYMENT_TARGET = 10.11;
				MTL_HEADER_SEARCH_PATHS = "$(SRCROOT)/../../JuceLibraryCode $(HOME)/JUCE/modules";
				PRODUCT_BUNDLE_IDENTIFIER = com.yourcompany.EigenharpMapper;
				PRODUCT_NAME = "EigenhgarpMapper";
				USE_HEADERMAP = NO;
				VALID_ARCHS = "i386 x86_64 arm64 arm64e";
			};
			name = Release;
		};
		30A115399457A543C6BDCE5D /* Debug */ = {
			isa = XCBuildConfiguration;
			buildSettings = {
				CLANG_CXX_LANGUAGE_STANDARD = "c++14";
				CLANG_CXX_LIBRARY = "libc++";
				CLANG_LINK_OBJC_RUNTIME = NO;
				CODE_SIGN_IDENTITY = "";
				COMBINE_HIDPI_IMAGES = YES;
				CONFIGURATION_BUILD_DIR = "$(PROJECT_DIR)/build/$(CONFIGURATION)";
				COPY_PHASE_STRIP = NO;
				GCC_DYNAMIC_NO_PIC = NO;
				GCC_OPTIMIZATION_LEVEL = 0;
				GCC_PREPROCESSOR_DEFINITIONS = (
					"_DEBUG=1",
					"DEBUG=1",
					"JUCE_DISPLAY_SPLASH_SCREEN=1",
					"JUCE_USE_DARK_SPLASH_SCREEN=1",
					"JUCE_PROJUCER_VERSION=0x60008",
					"JUCE_MODULE_AVAILABLE_juce_core=1",
					"JUCE_MODULE_AVAILABLE_juce_data_structures=1",
					"JUCE_MODULE_AVAILABLE_juce_events=1",
					"JUCE_MODULE_AVAILABLE_juce_graphics=1",
					"JUCE_MODULE_AVAILABLE_juce_gui_basics=1",
					"JUCE_GLOBAL_MODULE_SETTINGS_INCLUDED=1",
					"JUCE_STRICT_REFCOUNTEDPOINTER=1",
					"JUCE_STANDALONE_APPLICATION=1",
					"JUCER_XCODE_MAC_F6D2F4CF=1",
					"JUCE_APP_VERSION=1.0.0",
					"JUCE_APP_VERSION_HEX=0x10000",
					"JucePlugin_Build_VST=0",
					"JucePlugin_Build_VST3=0",
					"JucePlugin_Build_AU=0",
					"JucePlugin_Build_AUv3=0",
					"JucePlugin_Build_RTAS=0",
					"JucePlugin_Build_AAX=0",
					"JucePlugin_Build_Standalone=0",
					"JucePlugin_Build_Unity=0",
				);
				GCC_VERSION = com.apple.compilers.llvm.clang.1_0;
				HEADER_SEARCH_PATHS = (
					"$(SRCROOT)/../../JuceLibraryCode",
					"$(HOME)/JUCE/modules",
					"$(inherited)",
				);
				INFOPLIST_FILE = Info-App.plist;
				INFOPLIST_PREPROCESS = NO;
				INSTALL_PATH = "$(HOME)/Applications";
				MACOSX_DEPLOYMENT_TARGET = 10.11;
				MTL_HEADER_SEARCH_PATHS = "$(SRCROOT)/../../JuceLibraryCode $(HOME)/JUCE/modules";
				PRODUCT_BUNDLE_IDENTIFIER = com.yourcompany.EigenharpMapper;
				PRODUCT_NAME = "EigenhgarpMapper";
				USE_HEADERMAP = NO;
				VALID_ARCHS = "i386 x86_64 arm64 arm64e";
			};
			name = Debug;
		};
		B7B38ED2BF2C611D0DA168A1 /* Debug */ = {
			isa = XCBuildConfiguration;
			buildSettings = {
				ALWAYS_SEARCH_USER_PATHS = NO;
				CLANG_ENABLE_OBJC_WEAK = YES;
				CLANG_WARN_BLOCK_CAPTURE_AUTORELEASING = YES;
				CLANG_WARN_BOOL_CONVERSION = YES;
				CLANG_WARN_COMMA = YES;
				CLANG_WARN_CONSTANT_CONVERSION = YES;
				CLANG_WARN_DEPRECATED_OBJC_IMPLEMENTATIONS = YES;
				CLANG_WARN_EMPTY_BODY = YES;
				CLANG_WARN_ENUM_CONVERSION = YES;
				CLANG_WARN_INFINITE_RECURSION = YES;
				CLANG_WARN_INT_CONVERSION = YES;
				CLANG_WARN_NON_LITERAL_NULL_CONVERSION = YES;
				CLANG_WARN_OBJC_IMPLICIT_RETAIN_SELF = YES;
				CLANG_WARN_OBJC_LITERAL_CONVERSION = YES;
				CLANG_WARN_RANGE_LOOP_ANALYSIS = YES;
				CLANG_WARN_STRICT_PROTOTYPES = YES;
				CLANG_WARN_SUSPICIOUS_MOVE = YES;
				CLANG_WARN_UNREACHABLE_CODE = YES;
				CLANG_WARN__DUPLICATE_METHOD_MATCH = YES;
				CODE_SIGN_IDENTITY = "";
				DEBUG_INFORMATION_FORMAT = dwarf;
				ENABLE_STRICT_OBJC_MSGSEND = YES;
				ENABLE_TESTABILITY = NO;
				GCC_C_LANGUAGE_STANDARD = c11;
				GCC_INLINES_ARE_PRIVATE_EXTERN = YES;
				GCC_MODEL_TUNING = G5;
				GCC_NO_COMMON_BLOCKS = YES;
				GCC_SYMBOLS_PRIVATE_EXTERN = YES;
				GCC_WARN_64_TO_32_BIT_CONVERSION = YES;
				GCC_WARN_ABOUT_RETURN_TYPE = YES;
				GCC_WARN_CHECK_SWITCH_STATEMENTS = YES;
				GCC_WARN_MISSING_PARENTHESES = YES;
				GCC_WARN_NON_VIRTUAL_DESTRUCTOR = YES;
				GCC_WARN_TYPECHECK_CALLS_TO_PRINTF = YES;
				GCC_WARN_UNDECLARED_SELECTOR = YES;
				GCC_WARN_UNINITIALIZED_AUTOS = YES;
				GCC_WARN_UNUSED_FUNCTION = YES;
				GCC_WARN_UNUSED_VARIABLE = YES;
				ONLY_ACTIVE_ARCH = YES;
				PRODUCT_NAME = "EigenhgarpMapper";
				SDKROOT = macosx;
				WARNING_CFLAGS = "-Wreorder";
				ZERO_LINK = NO;
			};
			name = Debug;
		};
		C53E395B1834A9656DE25F5B /* Release */ = {
			isa = XCBuildConfiguration;
			buildSettings = {
				ALWAYS_SEARCH_USER_PATHS = NO;
				CLANG_ENABLE_OBJC_WEAK = YES;
				CLANG_WARN_BLOCK_CAPTURE_AUTORELEASING = YES;
				CLANG_WARN_BOOL_CONVERSION = YES;
				CLANG_WARN_COMMA = YES;
				CLANG_WARN_CONSTANT_CONVERSION = YES;
				CLANG_WARN_DEPRECATED_OBJC_IMPLEMENTATIONS = YES;
				CLANG_WARN_EMPTY_BODY = YES;
				CLANG_WARN_ENUM_CONVERSION = YES;
				CLANG_WARN_INFINITE_RECURSION = YES;
				CLANG_WARN_INT_CONVERSION = YES;
				CLANG_WARN_NON_LITERAL_NULL_CONVERSION = YES;
				CLANG_WARN_OBJC_IMPLICIT_RETAIN_SELF = YES;
				CLANG_WARN_OBJC_LITERAL_CONVERSION = YES;
				CLANG_WARN_RANGE_LOOP_ANALYSIS = YES;
				CLANG_WARN_STRICT_PROTOTYPES = YES;
				CLANG_WARN_SUSPICIOUS_MOVE = YES;
				CLANG_WARN_UNREACHABLE_CODE = YES;
				CLANG_WARN__DUPLICATE_METHOD_MATCH = YES;
				CODE_SIGN_IDENTITY = "";
				DEBUG_INFORMATION_FORMAT = dwarf;
				ENABLE_STRICT_OBJC_MSGSEND = YES;
				ENABLE_TESTABILITY = NO;
				GCC_C_LANGUAGE_STANDARD = c11;
				GCC_INLINES_ARE_PRIVATE_EXTERN = YES;
				GCC_MODEL_TUNING = G5;
				GCC_NO_COMMON_BLOCKS = YES;
				GCC_SYMBOLS_PRIVATE_EXTERN = YES;
				GCC_WARN_64_TO_32_BIT_CONVERSION = YES;
				GCC_WARN_ABOUT_RETURN_TYPE = YES;
				GCC_WARN_CHECK_SWITCH_STATEMENTS = YES;
				GCC_WARN_MISSING_PARENTHESES = YES;
				GCC_WARN_NON_VIRTUAL_DESTRUCTOR = YES;
				GCC_WARN_TYPECHECK_CALLS_TO_PRINTF = YES;
				GCC_WARN_UNDECLARED_SELECTOR = YES;
				GCC_WARN_UNINITIALIZED_AUTOS = YES;
				GCC_WARN_UNUSED_FUNCTION = YES;
				GCC_WARN_UNUSED_VARIABLE = YES;
				PRODUCT_NAME = "EigenhgarpMapper";
				SDKROOT = macosx;
				WARNING_CFLAGS = "-Wreorder";
				ZERO_LINK = NO;
			};
			name = Release;
		};
/* End XCBuildConfiguration section */

/* Begin XCConfigurationList section */
		2C49FFACA52E6D57E7060C23 = {
			isa = XCConfigurationList;
			buildConfigurations = (
				30A115399457A543C6BDCE5D,
				17DB315ABA4EB8DBF4BAE3A7,
			);
			defaultConfigurationIsVisible = 0;
			defaultConfigurationName = Debug;
		};
		8CCF059923F4FE0BB496F965 = {
			isa = XCConfigurationList;
			buildConfigurations = (
				B7B38ED2BF2C611D0DA168A1,
				C53E395B1834A9656DE25F5B,
			);
			defaultConfigurationIsVisible = 0;
			defaultConfigurationName = Debug;
		};
/* End XCConfigurationList section */
	};
	rootObject = 75C47C17D9E4BA4FCB398300 /* Project object */;
}
